
Microsoft Visual Studio Solution File, Format Version 12.00
# Visual Studio 14
VisualStudioVersion = 14.0.25420.1
MinimumVisualStudioVersion = 10.0.40219.1
Project("{FAE04EC0-301F-11D3-BF4B-00C04F79EFBC}") = "Rar.ViewWpf", "WpfApplicationXMLTest\Rar.ViewWpf.csproj", "{47D80BE2-A902-4E70-8180-FDB220F1EEC0}"
EndProject
Project("{FAE04EC0-301F-11D3-BF4B-00C04F79EFBC}") = "Rar.ViewModel", "Rar.ViewModel\Rar.ViewModel.csproj", "{F6773838-FF9D-44AF-9D87-FE23D44D1988}"
EndProject
Project("{FAE04EC0-301F-11D3-BF4B-00C04F79EFBC}") = "Rar.Model", "Rar.Model\Rar.Model.csproj", "{EA01006E-D299-49B8-A299-28E4167824E6}"
EndProject
Global
	GlobalSection(SolutionConfigurationPlatforms) = preSolution
		Debug|Any CPU = Debug|Any CPU
		Release|Any CPU = Release|Any CPU
	EndGlobalSection
	GlobalSection(ProjectConfigurationPlatforms) = postSolution
		{47D80BE2-A902-4E70-8180-FDB220F1EEC0}.Debug|Any CPU.ActiveCfg = Debug|Any CPU
		{47D80BE2-A902-4E70-8180-FDB220F1EEC0}.Debug|Any CPU.Build.0 = Debug|Any CPU
		{47D80BE2-A902-4E70-8180-FDB220F1EEC0}.Release|Any CPU.ActiveCfg = Release|Any CPU
		{47D80BE2-A902-4E70-8180-FDB220F1EEC0}.Release|Any CPU.Build.0 = Release|Any CPU
		{F6773838-FF9D-44AF-9D87-FE23D44D1988}.Debug|Any CPU.ActiveCfg = Debug|Any CPU
		{F6773838-FF9D-44AF-9D87-FE23D44D1988}.Debug|Any CPU.Build.0 = Debug|Any CPU
		{F6773838-FF9D-44AF-9D87-FE23D44D1988}.Release|Any CPU.ActiveCfg = Release|Any CPU
		{F6773838-FF9D-44AF-9D87-FE23D44D1988}.Release|Any CPU.Build.0 = Release|Any CPU
		{EA01006E-D299-49B8-A299-28E4167824E6}.Debug|Any CPU.ActiveCfg = Debug|Any CPU
		{EA01006E-D299-49B8-A299-28E4167824E6}.Debug|Any CPU.Build.0 = Debug|Any CPU
		{EA01006E-D299-49B8-A299-28E4167824E6}.Release|Any CPU.ActiveCfg = Release|Any CPU
		{EA01006E-D299-49B8-A299-28E4167824E6}.Release|Any CPU.Build.0 = Release|Any CPU
	EndGlobalSection
	GlobalSection(SolutionProperties) = preSolution
		HideSolutionNode = FALSE
	EndGlobalSection
EndGlobal
